
Microsoft Visual Studio Solution File, Format Version 12.00
Project("{FAE04EC0-301F-11D3-BF4B-00C04F79EFBC}") = "ProjectF.Api", "ProjectF.Api\ProjectF.Api.csproj", "{86B0D9E7-DF46-448C-B716-A5654A09CFEC}"
EndProject
Project("{2150E333-8FDC-42A3-9474-1A3956D46DE8}") = "Solution Items", "Solution Items", "{A59A5FA9-2BBE-4033-B7FA-AAF2DBC3BAA0}"
	ProjectSection(SolutionItems) = preProject
		compose.yaml = compose.yaml
		start_docker.sh = start_docker.sh
		.gitignore = .gitignore
		.env = .env
	EndProjectSection
EndProject
Project("{FAE04EC0-301F-11D3-BF4B-00C04F79EFBC}") = "ProjectF.Core", "ProjectF.Core\ProjectF.Core.csproj", "{7BF64D53-8834-42F7-BBF8-C5707FB2B3C4}"
EndProject
Project("{FAE04EC0-301F-11D3-BF4B-00C04F79EFBC}") = "ProjectF.Handlers", "ProjectF.Handlers\ProjectF.Handlers.csproj", "{1168304C-F301-4BCF-9352-488F6D21434F}"
EndProject
Project("{FAE04EC0-301F-11D3-BF4B-00C04F79EFBC}") = "ProjectF.OmdbClient", "ProjectF.OmdbClient\ProjectF.OmdbClient.csproj", "{CB7CA253-9B9D-47E7-905B-3A519074F0FC}"
EndProject
Project("{FAE04EC0-301F-11D3-BF4B-00C04F79EFBC}") = "ProjectF.Cache", "ProjectF.Cache\ProjectF.Cache.csproj", "{8F94517D-2655-4319-8BE0-49F19E6FA60A}"
EndProject
Project("{FAE04EC0-301F-11D3-BF4B-00C04F79EFBC}") = "ProjectF.DataAccess", "ProjectF.DataAccess\ProjectF.DataAccess.csproj", "{39564A09-6045-4C35-93EE-E01033797B9E}"
EndProject
Global
	GlobalSection(SolutionConfigurationPlatforms) = preSolution
		Debug|Any CPU = Debug|Any CPU
		Release|Any CPU = Release|Any CPU
	EndGlobalSection
	GlobalSection(ProjectConfigurationPlatforms) = postSolution
		{86B0D9E7-DF46-448C-B716-A5654A09CFEC}.Debug|Any CPU.ActiveCfg = Debug|Any CPU
		{86B0D9E7-DF46-448C-B716-A5654A09CFEC}.Debug|Any CPU.Build.0 = Debug|Any CPU
		{86B0D9E7-DF46-448C-B716-A5654A09CFEC}.Release|Any CPU.ActiveCfg = Release|Any CPU
		{86B0D9E7-DF46-448C-B716-A5654A09CFEC}.Release|Any CPU.Build.0 = Release|Any CPU
		{7BF64D53-8834-42F7-BBF8-C5707FB2B3C4}.Debug|Any CPU.ActiveCfg = Debug|Any CPU
		{7BF64D53-8834-42F7-BBF8-C5707FB2B3C4}.Debug|Any CPU.Build.0 = Debug|Any CPU
		{7BF64D53-8834-42F7-BBF8-C5707FB2B3C4}.Release|Any CPU.ActiveCfg = Release|Any CPU
		{7BF64D53-8834-42F7-BBF8-C5707FB2B3C4}.Release|Any CPU.Build.0 = Release|Any CPU
		{1168304C-F301-4BCF-9352-488F6D21434F}.Debug|Any CPU.ActiveCfg = Debug|Any CPU
		{1168304C-F301-4BCF-9352-488F6D21434F}.Debug|Any CPU.Build.0 = Debug|Any CPU
		{1168304C-F301-4BCF-9352-488F6D21434F}.Release|Any CPU.ActiveCfg = Release|Any CPU
		{1168304C-F301-4BCF-9352-488F6D21434F}.Release|Any CPU.Build.0 = Release|Any CPU
		{CB7CA253-9B9D-47E7-905B-3A519074F0FC}.Debug|Any CPU.ActiveCfg = Debug|Any CPU
		{CB7CA253-9B9D-47E7-905B-3A519074F0FC}.Debug|Any CPU.Build.0 = Debug|Any CPU
		{CB7CA253-9B9D-47E7-905B-3A519074F0FC}.Release|Any CPU.ActiveCfg = Release|Any CPU
		{CB7CA253-9B9D-47E7-905B-3A519074F0FC}.Release|Any CPU.Build.0 = Release|Any CPU
		{8F94517D-2655-4319-8BE0-49F19E6FA60A}.Debug|Any CPU.ActiveCfg = Debug|Any CPU
		{8F94517D-2655-4319-8BE0-49F19E6FA60A}.Debug|Any CPU.Build.0 = Debug|Any CPU
		{8F94517D-2655-4319-8BE0-49F19E6FA60A}.Release|Any CPU.ActiveCfg = Release|Any CPU
		{8F94517D-2655-4319-8BE0-49F19E6FA60A}.Release|Any CPU.Build.0 = Release|Any CPU
		{39564A09-6045-4C35-93EE-E01033797B9E}.Debug|Any CPU.ActiveCfg = Debug|Any CPU
		{39564A09-6045-4C35-93EE-E01033797B9E}.Debug|Any CPU.Build.0 = Debug|Any CPU
		{39564A09-6045-4C35-93EE-E01033797B9E}.Release|Any CPU.ActiveCfg = Release|Any CPU
		{39564A09-6045-4C35-93EE-E01033797B9E}.Release|Any CPU.Build.0 = Release|Any CPU
	EndGlobalSection
EndGlobal
